
Microsoft Visual Studio Solution File, Format Version 12.00
# Visual Studio 15
VisualStudioVersion = 15.0.27703.2000
MinimumVisualStudioVersion = 10.0.40219.1
Project("{8BC9CEB8-8B4A-11D0-8D11-00A0C91BC942}") = "AdoTest", "AdoTest\AdoTest.vcxproj", "{E5A846DA-F0FD-45C3-9247-94EF35111BFF}"
EndProject
Global
	GlobalSection(SolutionConfigurationPlatforms) = preSolution
		Debug|x64 = Debug|x64
		Debug|x86 = Debug|x86
		Release|x64 = Release|x64
		Release|x86 = Release|x86
	EndGlobalSection
	GlobalSection(ProjectConfigurationPlatforms) = postSolution
		{E5A846DA-F0FD-45C3-9247-94EF35111BFF}.Debug|x64.ActiveCfg = Debug|x64
		{E5A846DA-F0FD-45C3-9247-94EF35111BFF}.Debug|x64.Build.0 = Debug|x64
		{E5A846DA-F0FD-45C3-9247-94EF35111BFF}.Debug|x86.ActiveCfg = Debug|Win32
		{E5A846DA-F0FD-45C3-9247-94EF35111BFF}.Debug|x86.Build.0 = Debug|Win32
		{E5A846DA-F0FD-45C3-9247-94EF35111BFF}.Release|x64.ActiveCfg = Release|x64
		{E5A846DA-F0FD-45C3-9247-94EF35111BFF}.Release|x64.Build.0 = Release|x64
		{E5A846DA-F0FD-45C3-9247-94EF35111BFF}.Release|x86.ActiveCfg = Release|Win32
		{E5A846DA-F0FD-45C3-9247-94EF35111BFF}.Release|x86.Build.0 = Release|Win32
	EndGlobalSection
	GlobalSection(SolutionProperties) = preSolution
		HideSolutionNode = FALSE
	EndGlobalSection
	GlobalSection(ExtensibilityGlobals) = postSolution
		SolutionGuid = {89B1915B-60E9-473E-AA5E-7699ABAA3E7C}
	EndGlobalSection
EndGlobal
